<?xml version="1.0" encoding="utf-8"?>
<Project ToolsVersion="4.0" xmlns="http://schemas.microsoft.com/developer/msbuild/2003">
  <ItemGroup>
    <Filter Include="ソース ファイル">
      <UniqueIdentifier>{4FC737F1-C7A5-4376-A066-2A32D752A2FF}</UniqueIdentifier>
      <Extensions>cpp;c;cc;cxx;c++;cppm;ixx;def;odl;idl;hpj;bat;asm;asmx</Extensions>
    </Filter>
    <Filter Include="ヘッダー ファイル">
      <UniqueIdentifier>{93995380-89BD-4b04-88EB-625FBE52EBFB}</UniqueIdentifier>
      <Extensions>h;hh;hpp;hxx;h++;hm;inl;inc;ipp;xsd</Extensions>
    </Filter>
    <Filter Include="リソース ファイル">
      <UniqueIdentifier>{67DA6AB6-F800-4c08-8B7A-83BB121AAD01}</UniqueIdentifier>
      <Extensions>rc;ico;cur;bmp;dlg;rc2;rct;bin;rgs;gif;jpg;jpeg;jpe;resx;tiff;tif;png;wav;mfcribbon-ms</Extensions>
    </Filter>
    <Filter Include="ソース ファイル\6">
      <UniqueIdentifier>{ab526a98-3be0-4d7c-aa2e-05d717292ba8}</UniqueIdentifier>
    </Filter>
    <Filter Include="ソース ファイル\7">
      <UniqueIdentifier>{5ce590a1-0cc4-4692-86c2-8663886a6f96}</UniqueIdentifier>
    </Filter>
    <Filter Include="ソース ファイル\8">
      <UniqueIdentifier>{2dd96151-334c-4549-9a78-3590658ceb83}</UniqueIdentifier>
    </Filter>
  </ItemGroup>
  <ItemGroup>
    <ClCompile Include="..\..\..\..\..\Downloads\main6.cpp">
      <Filter>ソース ファイル\6</Filter>
    </ClCompile>
    <ClCompile Include="..\..\..\..\..\Downloads\main7.cpp">
      <Filter>ソース ファイル\7</Filter>
    </ClCompile>
    <ClCompile Include="..\..\..\..\..\Downloads\main8.cpp">
      <Filter>ソース ファイル\8</Filter>
    </ClCompile>
  </ItemGroup>
</Project>